// !$*UTF8*$!
{
	archiveVersion = 1;
	classes = {
	};
	objectVersion = 50;
	objects = {

/* Begin PBXBuildFile section */
		69187D39271370C700DB0BBD /* AppDelegate.swift in Sources */ = {isa = PBXBuildFile; fileRef = 69187D38271370C700DB0BBD /* AppDelegate.swift */; };
		69187D3B271370C700DB0BBD /* SceneDelegate.swift in Sources */ = {isa = PBXBuildFile; fileRef = 69187D3A271370C700DB0BBD /* SceneDelegate.swift */; };
		69187D40271370C700DB0BBD /* Main.storyboard in Resources */ = {isa = PBXBuildFile; fileRef = 69187D3E271370C700DB0BBD /* Main.storyboard */; };
		69187D42271370C800DB0BBD /* Assets.xcassets in Resources */ = {isa = PBXBuildFile; fileRef = 69187D41271370C800DB0BBD /* Assets.xcassets */; };
		69187D45271370C800DB0BBD /* LaunchScreen.storyboard in Resources */ = {isa = PBXBuildFile; fileRef = 69187D43271370C800DB0BBD /* LaunchScreen.storyboard */; };
		69187D5927148ED000DB0BBD /* Localizable.swift in Sources */ = {isa = PBXBuildFile; fileRef = 69187D5827148ED000DB0BBD /* Localizable.swift */; };
		69187D5D27148FEF00DB0BBD /* Localizable.strings in Resources */ = {isa = PBXBuildFile; fileRef = 69187D5F27148FEF00DB0BBD /* Localizable.strings */; };
/* End PBXBuildFile section */

/* Begin PBXFileReference section */
		69187D35271370C700DB0BBD /* Armory.app */ = {isa = PBXFileReference; explicitFileType = wrapper.application; includeInIndex = 0; path = Armory.app; sourceTree = BUILT_PRODUCTS_DIR; };
		69187D38271370C700DB0BBD /* AppDelegate.swift */ = {isa = PBXFileReference; lastKnownFileType = sourcecode.swift; path = AppDelegate.swift; sourceTree = "<group>"; };
		69187D3A271370C700DB0BBD /* SceneDelegate.swift */ = {isa = PBXFileReference; lastKnownFileType = sourcecode.swift; path = SceneDelegate.swift; sourceTree = "<group>"; };
		69187D3F271370C700DB0BBD /* Base */ = {isa = PBXFileReference; lastKnownFileType = file.storyboard; name = Base; path = Base.lproj/Main.storyboard; sourceTree = "<group>"; };
		69187D41271370C800DB0BBD /* Assets.xcassets */ = {isa = PBXFileReference; lastKnownFileType = folder.assetcatalog; path = Assets.xcassets; sourceTree = "<group>"; };
		69187D44271370C800DB0BBD /* Base */ = {isa = PBXFileReference; lastKnownFileType = file.storyboard; name = Base; path = Base.lproj/LaunchScreen.storyboard; sourceTree = "<group>"; };
		69187D46271370C800DB0BBD /* Info.plist */ = {isa = PBXFileReference; lastKnownFileType = text.plist.xml; path = Info.plist; sourceTree = "<group>"; };
		69187D5627148E7200DB0BBD /* en */ = {isa = PBXFileReference; lastKnownFileType = text.plist.strings; name = en; path = en.lproj/Main.strings; sourceTree = "<group>"; };
		69187D5827148ED000DB0BBD /* Localizable.swift */ = {isa = PBXFileReference; lastKnownFileType = sourcecode.swift; path = Localizable.swift; sourceTree = "<group>"; };
		69187D5C27148F9000DB0BBD /* ru */ = {isa = PBXFileReference; lastKnownFileType = text.plist.strings; name = ru; path = ru.lproj/Main.strings; sourceTree = "<group>"; };
		69187D5E27148FEF00DB0BBD /* ru */ = {isa = PBXFileReference; lastKnownFileType = text.plist.strings; name = ru; path = ru.lproj/Localizable.strings; sourceTree = "<group>"; };
		69187D6027148FF300DB0BBD /* en */ = {isa = PBXFileReference; lastKnownFileType = text.plist.strings; name = en; path = en.lproj/Localizable.strings; sourceTree = "<group>"; };
/* End PBXFileReference section */

/* Begin PBXFrameworksBuildPhase section */
		69187D32271370C700DB0BBD /* Frameworks */ = {
			isa = PBXFrameworksBuildPhase;
			buildActionMask = 2147483647;
			files = (
			);
			runOnlyForDeploymentPostprocessing = 0;
		};
/* End PBXFrameworksBuildPhase section */

/* Begin PBXGroup section */
		69187D2C271370C700DB0BBD = {
			isa = PBXGroup;
			children = (
				69187D37271370C700DB0BBD /* Armory */,
				69187D36271370C700DB0BBD /* Products */,
			);
			sourceTree = "<group>";
		};
		69187D36271370C700DB0BBD /* Products */ = {
			isa = PBXGroup;
			children = (
				69187D35271370C700DB0BBD /* Armory.app */,
			);
			name = Products;
			sourceTree = "<group>";
		};
		69187D37271370C700DB0BBD /* Armory */ = {
			isa = PBXGroup;
			children = (
				69187D4E271488A800DB0BBD /* Application */,
				69187D5127148AFB00DB0BBD /* Data */,
				69187D4D271487BA00DB0BBD /* Presentation */,
				69187D4C271487B300DB0BBD /* Services */,
				69187D4F271488BF00DB0BBD /* Resources */,
				69187D3E271370C700DB0BBD /* Main.storyboard */,
			);
			path = Armory;
			sourceTree = "<group>";
		};
		69187D4C271487B300DB0BBD /* Services */ = {
			isa = PBXGroup;
			children = (
			);
			path = Services;
			sourceTree = "<group>";
		};
		69187D4D271487BA00DB0BBD /* Presentation */ = {
			isa = PBXGroup;
			children = (
				69187D5027148A7B00DB0BBD /* Login */,
			);
			path = Presentation;
			sourceTree = "<group>";
		};
		69187D4E271488A800DB0BBD /* Application */ = {
			isa = PBXGroup;
			children = (
				69187D3A271370C700DB0BBD /* SceneDelegate.swift */,
				69187D38271370C700DB0BBD /* AppDelegate.swift */,
			);
			path = Application;
			sourceTree = "<group>";
		};
		69187D4F271488BF00DB0BBD /* Resources */ = {
			isa = PBXGroup;
			children = (
				69187D5727148EB200DB0BBD /* Localizable */,
				69187D41271370C800DB0BBD /* Assets.xcassets */,
				69187D43271370C800DB0BBD /* LaunchScreen.storyboard */,
				69187D46271370C800DB0BBD /* Info.plist */,
			);
			path = Resources;
			sourceTree = "<group>";
		};
		69187D5027148A7B00DB0BBD /* Login */ = {
			isa = PBXGroup;
			children = (
			);
			path = Login;
			sourceTree = "<group>";
		};
		69187D5127148AFB00DB0BBD /* Data */ = {
			isa = PBXGroup;
			children = (
				69187D5427148B0C00DB0BBD /* Models */,
				69187D5327148B0700DB0BBD /* Database */,
				69187D5227148B0100DB0BBD /* Storage */,
			);
			path = Data;
			sourceTree = "<group>";
		};
		69187D5227148B0100DB0BBD /* Storage */ = {
			isa = PBXGroup;
			children = (
			);
			path = Storage;
			sourceTree = "<group>";
		};
		69187D5327148B0700DB0BBD /* Database */ = {
			isa = PBXGroup;
			children = (
			);
			path = Database;
			sourceTree = "<group>";
		};
		69187D5427148B0C00DB0BBD /* Models */ = {
			isa = PBXGroup;
			children = (
			);
			path = Models;
			sourceTree = "<group>";
		};
		69187D5727148EB200DB0BBD /* Localizable */ = {
			isa = PBXGroup;
			children = (
				69187D5827148ED000DB0BBD /* Localizable.swift */,
				69187D5F27148FEF00DB0BBD /* Localizable.strings */,
			);
			path = Localizable;
			sourceTree = "<group>";
		};
/* End PBXGroup section */

/* Begin PBXNativeTarget section */
		69187D34271370C700DB0BBD /* Armory */ = {
			isa = PBXNativeTarget;
			buildConfigurationList = 69187D49271370C800DB0BBD /* Build configuration list for PBXNativeTarget "Armory" */;
			buildPhases = (
				69187D31271370C700DB0BBD /* Sources */,
				69187D32271370C700DB0BBD /* Frameworks */,
				69187D33271370C700DB0BBD /* Resources */,
			);
			buildRules = (
			);
			dependencies = (
			);
			name = Armory;
			productName = Armory;
			productReference = 69187D35271370C700DB0BBD /* Armory.app */;
			productType = "com.apple.product-type.application";
		};
/* End PBXNativeTarget section */

/* Begin PBXProject section */
		69187D2D271370C700DB0BBD /* Project object */ = {
			isa = PBXProject;
			attributes = {
				LastSwiftUpdateCheck = 1250;
				LastUpgradeCheck = 1250;
				TargetAttributes = {
					69187D34271370C700DB0BBD = {
						CreatedOnToolsVersion = 12.5.1;
					};
				};
			};
			buildConfigurationList = 69187D30271370C700DB0BBD /* Build configuration list for PBXProject "Armory" */;
			compatibilityVersion = "Xcode 9.3";
			developmentRegion = en;
			hasScannedForEncodings = 0;
			knownRegions = (
				en,
				Base,
				ru,
			);
			mainGroup = 69187D2C271370C700DB0BBD;
			productRefGroup = 69187D36271370C700DB0BBD /* Products */;
			projectDirPath = "";
			projectRoot = "";
			targets = (
				69187D34271370C700DB0BBD /* Armory */,
			);
		};
/* End PBXProject section */

/* Begin PBXResourcesBuildPhase section */
		69187D33271370C700DB0BBD /* Resources */ = {
			isa = PBXResourcesBuildPhase;
			buildActionMask = 2147483647;
			files = (
				69187D45271370C800DB0BBD /* LaunchScreen.storyboard in Resources */,
				69187D5D27148FEF00DB0BBD /* Localizable.strings in Resources */,
				69187D42271370C800DB0BBD /* Assets.xcassets in Resources */,
				69187D40271370C700DB0BBD /* Main.storyboard in Resources */,
			);
			runOnlyForDeploymentPostprocessing = 0;
		};
/* End PBXResourcesBuildPhase section */

/* Begin PBXSourcesBuildPhase section */
		69187D31271370C700DB0BBD /* Sources */ = {
			isa = PBXSourcesBuildPhase;
			buildActionMask = 2147483647;
			files = (
				69187D39271370C700DB0BBD /* AppDelegate.swift in Sources */,
				69187D5927148ED000DB0BBD /* Localizable.swift in Sources */,
				69187D3B271370C700DB0BBD /* SceneDelegate.swift in Sources */,
			);
			runOnlyForDeploymentPostprocessing = 0;
		};
/* End PBXSourcesBuildPhase section */

/* Begin PBXVariantGroup section */
		69187D3E271370C700DB0BBD /* Main.storyboard */ = {
			isa = PBXVariantGroup;
			children = (
				69187D3F271370C700DB0BBD /* Base */,
				69187D5627148E7200DB0BBD /* en */,
				69187D5C27148F9000DB0BBD /* ru */,
			);
			name = Main.storyboard;
			sourceTree = "<group>";
		};
		69187D43271370C800DB0BBD /* LaunchScreen.storyboard */ = {
			isa = PBXVariantGroup;
			children = (
				69187D44271370C800DB0BBD /* Base */,
			);
			name = LaunchScreen.storyboard;
			sourceTree = "<group>";
		};
		69187D5F27148FEF00DB0BBD /* Localizable.strings */ = {
			isa = PBXVariantGroup;
			children = (
				69187D5E27148FEF00DB0BBD /* ru */,
				69187D6027148FF300DB0BBD /* en */,
			);
			name = Localizable.strings;
			sourceTree = "<group>";
		};
/* End PBXVariantGroup section */

/* Begin XCBuildConfiguration section */
		69187D47271370C800DB0BBD /* Debug */ = {
			isa = XCBuildConfiguration;
			buildSettings = {
				ALWAYS_SEARCH_USER_PATHS = NO;
				CLANG_ANALYZER_LOCALIZABILITY_NONLOCALIZED = YES;
				CLANG_ANALYZER_NONNULL = YES;
				CLANG_ANALYZER_NUMBER_OBJECT_CONVERSION = YES_AGGRESSIVE;
				CLANG_CXX_LANGUAGE_STANDARD = "gnu++14";
				CLANG_CXX_LIBRARY = "libc++";
				CLANG_ENABLE_MODULES = YES;
				CLANG_ENABLE_OBJC_ARC = YES;
				CLANG_ENABLE_OBJC_WEAK = YES;
				CLANG_WARN_BLOCK_CAPTURE_AUTORELEASING = YES;
				CLANG_WARN_BOOL_CONVERSION = YES;
				CLANG_WARN_COMMA = YES;
				CLANG_WARN_CONSTANT_CONVERSION = YES;
				CLANG_WARN_DEPRECATED_OBJC_IMPLEMENTATIONS = YES;
				CLANG_WARN_DIRECT_OBJC_ISA_USAGE = YES_ERROR;
				CLANG_WARN_DOCUMENTATION_COMMENTS = YES;
				CLANG_WARN_EMPTY_BODY = YES;
				CLANG_WARN_ENUM_CONVERSION = YES;
				CLANG_WARN_INFINITE_RECURSION = YES;
				CLANG_WARN_INT_CONVERSION = YES;
				CLANG_WARN_NON_LITERAL_NULL_CONVERSION = YES;
				CLANG_WARN_OBJC_IMPLICIT_RETAIN_SELF = YES;
				CLANG_WARN_OBJC_LITERAL_CONVERSION = YES;
				CLANG_WARN_OBJC_ROOT_CLASS = YES_ERROR;
				CLANG_WARN_QUOTED_INCLUDE_IN_FRAMEWORK_HEADER = YES;
				CLANG_WARN_RANGE_LOOP_ANALYSIS = YES;
				CLANG_WARN_STRICT_PROTOTYPES = YES;
				CLANG_WARN_SUSPICIOUS_MOVE = YES;
				CLANG_WARN_UNGUARDED_AVAILABILITY = YES_AGGRESSIVE;
				CLANG_WARN_UNREACHABLE_CODE = YES;
				CLANG_WARN__DUPLICATE_METHOD_MATCH = YES;
				COPY_PHASE_STRIP = NO;
				DEBUG_INFORMATION_FORMAT = dwarf;
				ENABLE_STRICT_OBJC_MSGSEND = YES;
				ENABLE_TESTABILITY = YES;
				GCC_C_LANGUAGE_STANDARD = gnu11;
				GCC_DYNAMIC_NO_PIC = NO;
				GCC_NO_COMMON_BLOCKS = YES;
				GCC_OPTIMIZATION_LEVEL = 0;
				GCC_PREPROCESSOR_DEFINITIONS = (
					"DEBUG=1",
					"$(inherited)",
				);
				GCC_WARN_64_TO_32_BIT_CONVERSION = YES;
				GCC_WARN_ABOUT_RETURN_TYPE = YES_ERROR;
				GCC_WARN_UNDECLARED_SELECTOR = YES;
				GCC_WARN_UNINITIALIZED_AUTOS = YES_AGGRESSIVE;
				GCC_WARN_UNUSED_FUNCTION = YES;
				GCC_WARN_UNUSED_VARIABLE = YES;
				IPHONEOS_DEPLOYMENT_TARGET = 14.5;
				MTL_ENABLE_DEBUG_INFO = INCLUDE_SOURCE;
				MTL_FAST_MATH = YES;
				ONLY_ACTIVE_ARCH = YES;
				SDKROOT = iphoneos;
				SWIFT_ACTIVE_COMPILATION_CONDITIONS = DEBUG;
				SWIFT_OPTIMIZATION_LEVEL = "-Onone";
			};
			name = Debug;
		};
		69187D48271370C800DB0BBD /* Release */ = {
			isa = XCBuildConfiguration;
			buildSettings = {
				ALWAYS_SEARCH_USER_PATHS = NO;
				CLANG_ANALYZER_LOCALIZABILITY_NONLOCALIZED = YES;
				CLANG_ANALYZER_NONNULL = YES;
				CLANG_ANALYZER_NUMBER_OBJECT_CONVERSION = YES_AGGRESSIVE;
				CLANG_CXX_LANGUAGE_STANDARD = "gnu++14";
				CLANG_CXX_LIBRARY = "libc++";
				CLANG_ENABLE_MODULES = YES;
				CLANG_ENABLE_OBJC_ARC = YES;
				CLANG_ENABLE_OBJC_WEAK = YES;
				CLANG_WARN_BLOCK_CAPTURE_AUTORELEASING = YES;
				CLANG_WARN_BOOL_CONVERSION = YES;
				CLANG_WARN_COMMA = YES;
				CLANG_WARN_CONSTANT_CONVERSION = YES;
				CLANG_WARN_DEPRECATED_OBJC_IMPLEMENTATIONS = YES;
				CLANG_WARN_DIRECT_OBJC_ISA_USAGE = YES_ERROR;
				CLANG_WARN_DOCUMENTATION_COMMENTS = YES;
				CLANG_WARN_EMPTY_BODY = YES;
				CLANG_WARN_ENUM_CONVERSION = YES;
				CLANG_WARN_INFINITE_RECURSION = YES;
				CLANG_WARN_INT_CONVERSION = YES;
				CLANG_WARN_NON_LITERAL_NULL_CONVERSION = YES;
				CLANG_WARN_OBJC_IMPLICIT_RETAIN_SELF = YES;
				CLANG_WARN_OBJC_LITERAL_CONVERSION = YES;
				CLANG_WARN_OBJC_ROOT_CLASS = YES_ERROR;
				CLANG_WARN_QUOTED_INCLUDE_IN_FRAMEWORK_HEADER = YES;
				CLANG_WARN_RANGE_LOOP_ANALYSIS = YES;
				CLANG_WARN_STRICT_PROTOTYPES = YES;
				CLANG_WARN_SUSPICIOUS_MOVE = YES;
				CLANG_WARN_UNGUARDED_AVAILABILITY = YES_AGGRESSIVE;
				CLANG_WARN_UNREACHABLE_CODE = YES;
				CLANG_WARN__DUPLICATE_METHOD_MATCH = YES;
				COPY_PHASE_STRIP = NO;
				DEBUG_INFORMATION_FORMAT = "dwarf-with-dsym";
				ENABLE_NS_ASSERTIONS = NO;
				ENABLE_STRICT_OBJC_MSGSEND = YES;
				GCC_C_LANGUAGE_STANDARD = gnu11;
				GCC_NO_COMMON_BLOCKS = YES;
				GCC_WARN_64_TO_32_BIT_CONVERSION = YES;
				GCC_WARN_ABOUT_RETURN_TYPE = YES_ERROR;
				GCC_WARN_UNDECLARED_SELECTOR = YES;
				GCC_WARN_UNINITIALIZED_AUTOS = YES_AGGRESSIVE;
				GCC_WARN_UNUSED_FUNCTION = YES;
				GCC_WARN_UNUSED_VARIABLE = YES;
				IPHONEOS_DEPLOYMENT_TARGET = 14.5;
				MTL_ENABLE_DEBUG_INFO = NO;
				MTL_FAST_MATH = YES;
				SDKROOT = iphoneos;
				SWIFT_COMPILATION_MODE = wholemodule;
				SWIFT_OPTIMIZATION_LEVEL = "-O";
				VALIDATE_PRODUCT = YES;
			};
			name = Release;
		};
		69187D4A271370C800DB0BBD /* Debug */ = {
			isa = XCBuildConfiguration;
			buildSettings = {
				ASSETCATALOG_COMPILER_APPICON_NAME = AppIcon;
				ASSETCATALOG_COMPILER_GLOBAL_ACCENT_COLOR_NAME = AccentColor;
				CODE_SIGN_STYLE = Automatic;
				DEVELOPMENT_TEAM = A7FMBFG6GU;
				INFOPLIST_FILE = Armory/Resources/Info.plist;
				LD_RUNPATH_SEARCH_PATHS = (
					"$(inherited)",
					"@executable_path/Frameworks",
				);
				PRODUCT_BUNDLE_IDENTIFIER = com.Nerkys.Armory;
				PRODUCT_NAME = "$(TARGET_NAME)";
				SWIFT_VERSION = 5.0;
				TARGETED_DEVICE_FAMILY = "1,2";
			};
			name = Debug;
		};
		69187D4B271370C800DB0BBD /* Release */ = {
			isa = XCBuildConfiguration;
			buildSettings = {
				ASSETCATALOG_COMPILER_APPICON_NAME = AppIcon;
				ASSETCATALOG_COMPILER_GLOBAL_ACCENT_COLOR_NAME = AccentColor;
				CODE_SIGN_STYLE = Automatic;
				DEVELOPMENT_TEAM = A7FMBFG6GU;
				INFOPLIST_FILE = Armory/Resources/Info.plist;
				LD_RUNPATH_SEARCH_PATHS = (
					"$(inherited)",
					"@executable_path/Frameworks",
				);
				PRODUCT_BUNDLE_IDENTIFIER = com.Nerkys.Armory;
				PRODUCT_NAME = "$(TARGET_NAME)";
				SWIFT_VERSION = 5.0;
				TARGETED_DEVICE_FAMILY = "1,2";
			};
			name = Release;
		};
/* End XCBuildConfiguration section */

/* Begin XCConfigurationList section */
		69187D30271370C700DB0BBD /* Build configuration list for PBXProject "Armory" */ = {
			isa = XCConfigurationList;
			buildConfigurations = (
				69187D47271370C800DB0BBD /* Debug */,
				69187D48271370C800DB0BBD /* Release */,
			);
			defaultConfigurationIsVisible = 0;
			defaultConfigurationName = Release;
		};
		69187D49271370C800DB0BBD /* Build configuration list for PBXNativeTarget "Armory" */ = {
			isa = XCConfigurationList;
			buildConfigurations = (
				69187D4A271370C800DB0BBD /* Debug */,
				69187D4B271370C800DB0BBD /* Release */,
			);
			defaultConfigurationIsVisible = 0;
			defaultConfigurationName = Release;
		};
/* End XCConfigurationList section */
	};
	rootObject = 69187D2D271370C700DB0BBD /* Project object */;
}
